{
  "name": "MEX",
  "lockfileVersion": 3,
  "requires": true,
  "packages": {
    "": {
      "dependencies": {
        "opencode-tokenwatch": "^0.5.0"
      }
    },
    "node_modules/opencode-tokenwatch": {
      "version": "0.5.0",
      "resolved": "https://registry.npmjs.org/opencode-tokenwatch/-/opencode-tokenwatch-0.5.0.tgz",
      "integrity": "sha512-nSZn1xn+vKuf7iDswod2MoSqbkNhSS6VX/RK1Yej0rNp9BEdTb8ESa7UOULG189M1oDGfgjEbSNpkMy59aZLHQ==",
      "license": "MIT",
      "engines": {
        "node": ">=18"
      }
    }
  }
}
